// !$*UTF8*$!
{
	archiveVersion = 1;
	classes = {
	};
	objectVersion = 56;
	objects = {

/* Begin PBXBuildFile section */
		23889CCA2C7CB14E007BC4B3 /* AppDelegate.swift in Sources */ = {isa = PBXBuildFile; fileRef = 23889CC92C7CB14E007BC4B3 /* AppDelegate.swift */; };
		23889CCC2C7CB14E007BC4B3 /* SceneDelegate.swift in Sources */ = {isa = PBXBuildFile; fileRef = 23889CCB2C7CB14E007BC4B3 /* SceneDelegate.swift */; };
		23889CCE2C7CB14E007BC4B3 /* ViewController.swift in Sources */ = {isa = PBXBuildFile; fileRef = 23889CCD2C7CB14E007BC4B3 /* ViewController.swift */; };
		23889CD12C7CB14E007BC4B3 /* Main.storyboard in Resources */ = {isa = PBXBuildFile; fileRef = 23889CCF2C7CB14E007BC4B3 /* Main.storyboard */; };
		23889CD32C7CB150007BC4B3 /* Assets.xcassets in Resources */ = {isa = PBXBuildFile; fileRef = 23889CD22C7CB150007BC4B3 /* Assets.xcassets */; };
		23889CD62C7CB150007BC4B3 /* LaunchScreen.storyboard in Resources */ = {isa = PBXBuildFile; fileRef = 23889CD42C7CB150007BC4B3 /* LaunchScreen.storyboard */; };
		23889CE12C7CB150007BC4B3 /* constraintsTests.swift in Sources */ = {isa = PBXBuildFile; fileRef = 23889CE02C7CB150007BC4B3 /* constraintsTests.swift */; };
		23889CEB2C7CB150007BC4B3 /* constraintsUITests.swift in Sources */ = {isa = PBXBuildFile; fileRef = 23889CEA2C7CB150007BC4B3 /* constraintsUITests.swift */; };
		23889CED2C7CB150007BC4B3 /* constraintsUITestsLaunchTests.swift in Sources */ = {isa = PBXBuildFile; fileRef = 23889CEC2C7CB150007BC4B3 /* constraintsUITestsLaunchTests.swift */; };
/* End PBXBuildFile section */

/* Begin PBXContainerItemProxy section */
		23889CDD2C7CB150007BC4B3 /* PBXContainerItemProxy */ = {
			isa = PBXContainerItemProxy;
			containerPortal = 23889CBE2C7CB14E007BC4B3 /* Project object */;
			proxyType = 1;
			remoteGlobalIDString = 23889CC52C7CB14E007BC4B3;
			remoteInfo = constraints;
		};
		23889CE72C7CB150007BC4B3 /* PBXContainerItemProxy */ = {
			isa = PBXContainerItemProxy;
			containerPortal = 23889CBE2C7CB14E007BC4B3 /* Project object */;
			proxyType = 1;
			remoteGlobalIDString = 23889CC52C7CB14E007BC4B3;
			remoteInfo = constraints;
		};
/* End PBXContainerItemProxy section */

/* Begin PBXFileReference section */
		23889CC62C7CB14E007BC4B3 /* constraints.app */ = {isa = PBXFileReference; explicitFileType = wrapper.application; includeInIndex = 0; path = constraints.app; sourceTree = BUILT_PRODUCTS_DIR; };
		23889CC92C7CB14E007BC4B3 /* AppDelegate.swift */ = {isa = PBXFileReference; lastKnownFileType = sourcecode.swift; path = AppDelegate.swift; sourceTree = "<group>"; };
		23889CCB2C7CB14E007BC4B3 /* SceneDelegate.swift */ = {isa = PBXFileReference; lastKnownFileType = sourcecode.swift; path = SceneDelegate.swift; sourceTree = "<group>"; };
		23889CCD2C7CB14E007BC4B3 /* ViewController.swift */ = {isa = PBXFileReference; lastKnownFileType = sourcecode.swift; path = ViewController.swift; sourceTree = "<group>"; };
		23889CD02C7CB14E007BC4B3 /* Base */ = {isa = PBXFileReference; lastKnownFileType = file.storyboard; name = Base; path = Base.lproj/Main.storyboard; sourceTree = "<group>"; };
		23889CD22C7CB150007BC4B3 /* Assets.xcassets */ = {isa = PBXFileReference; lastKnownFileType = folder.assetcatalog; path = Assets.xcassets; sourceTree = "<group>"; };
		23889CD52C7CB150007BC4B3 /* Base */ = {isa = PBXFileReference; lastKnownFileType = file.storyboard; name = Base; path = Base.lproj/LaunchScreen.storyboard; sourceTree = "<group>"; };
		23889CD72C7CB150007BC4B3 /* Info.plist */ = {isa = PBXFileReference; lastKnownFileType = text.plist.xml; path = Info.plist; sourceTree = "<group>"; };
		23889CDC2C7CB150007BC4B3 /* constraintsTests.xctest */ = {isa = PBXFileReference; explicitFileType = wrapper.cfbundle; includeInIndex = 0; path = constraintsTests.xctest; sourceTree = BUILT_PRODUCTS_DIR; };
		23889CE02C7CB150007BC4B3 /* constraintsTests.swift */ = {isa = PBXFileReference; lastKnownFileType = sourcecode.swift; path = constraintsTests.swift; sourceTree = "<group>"; };
		23889CE62C7CB150007BC4B3 /* constraintsUITests.xctest */ = {isa = PBXFileReference; explicitFileType = wrapper.cfbundle; includeInIndex = 0; path = constraintsUITests.xctest; sourceTree = BUILT_PRODUCTS_DIR; };
		23889CEA2C7CB150007BC4B3 /* constraintsUITests.swift */ = {isa = PBXFileReference; lastKnownFileType = sourcecode.swift; path = constraintsUITests.swift; sourceTree = "<group>"; };
		23889CEC2C7CB150007BC4B3 /* constraintsUITestsLaunchTests.swift */ = {isa = PBXFileReference; lastKnownFileType = sourcecode.swift; path = constraintsUITestsLaunchTests.swift; sourceTree = "<group>"; };
/* End PBXFileReference section */

/* Begin PBXFrameworksBuildPhase section */
		23889CC32C7CB14E007BC4B3 /* Frameworks */ = {
			isa = PBXFrameworksBuildPhase;
			buildActionMask = 2147483647;
			files = (
			);
			runOnlyForDeploymentPostprocessing = 0;
		};
		23889CD92C7CB150007BC4B3 /* Frameworks */ = {
			isa = PBXFrameworksBuildPhase;
			buildActionMask = 2147483647;
			files = (
			);
			runOnlyForDeploymentPostprocessing = 0;
		};
		23889CE32C7CB150007BC4B3 /* Frameworks */ = {
			isa = PBXFrameworksBuildPhase;
			buildActionMask = 2147483647;
			files = (
			);
			runOnlyForDeploymentPostprocessing = 0;
		};
/* End PBXFrameworksBuildPhase section */

/* Begin PBXGroup section */
		23889CBD2C7CB14E007BC4B3 = {
			isa = PBXGroup;
			children = (
				23889CC82C7CB14E007BC4B3 /* constraints */,
				23889CDF2C7CB150007BC4B3 /* constraintsTests */,
				23889CE92C7CB150007BC4B3 /* constraintsUITests */,
				23889CC72C7CB14E007BC4B3 /* Products */,
			);
			sourceTree = "<group>";
		};
		23889CC72C7CB14E007BC4B3 /* Products */ = {
			isa = PBXGroup;
			children = (
				23889CC62C7CB14E007BC4B3 /* constraints.app */,
				23889CDC2C7CB150007BC4B3 /* constraintsTests.xctest */,
				23889CE62C7CB150007BC4B3 /* constraintsUITests.xctest */,
			);
			name = Products;
			sourceTree = "<group>";
		};
		23889CC82C7CB14E007BC4B3 /* constraints */ = {
			isa = PBXGroup;
			children = (
				23889CC92C7CB14E007BC4B3 /* AppDelegate.swift */,
				23889CCB2C7CB14E007BC4B3 /* SceneDelegate.swift */,
				23889CCD2C7CB14E007BC4B3 /* ViewController.swift */,
				23889CCF2C7CB14E007BC4B3 /* Main.storyboard */,
				23889CD22C7CB150007BC4B3 /* Assets.xcassets */,
				23889CD42C7CB150007BC4B3 /* LaunchScreen.storyboard */,
				23889CD72C7CB150007BC4B3 /* Info.plist */,
			);
			path = constraints;
			sourceTree = "<group>";
		};
		23889CDF2C7CB150007BC4B3 /* constraintsTests */ = {
			isa = PBXGroup;
			children = (
				23889CE02C7CB150007BC4B3 /* constraintsTests.swift */,
			);
			path = constraintsTests;
			sourceTree = "<group>";
		};
		23889CE92C7CB150007BC4B3 /* constraintsUITests */ = {
			isa = PBXGroup;
			children = (
				23889CEA2C7CB150007BC4B3 /* constraintsUITests.swift */,
				23889CEC2C7CB150007BC4B3 /* constraintsUITestsLaunchTests.swift */,
			);
			path = constraintsUITests;
			sourceTree = "<group>";
		};
/* End PBXGroup section */

/* Begin PBXNativeTarget section */
		23889CC52C7CB14E007BC4B3 /* constraints */ = {
			isa = PBXNativeTarget;
			buildConfigurationList = 23889CF02C7CB150007BC4B3 /* Build configuration list for PBXNativeTarget "constraints" */;
			buildPhases = (
				23889CC22C7CB14E007BC4B3 /* Sources */,
				23889CC32C7CB14E007BC4B3 /* Frameworks */,
				23889CC42C7CB14E007BC4B3 /* Resources */,
			);
			buildRules = (
			);
			dependencies = (
			);
			name = constraints;
			productName = constraints;
			productReference = 23889CC62C7CB14E007BC4B3 /* constraints.app */;
			productType = "com.apple.product-type.application";
		};
		23889CDB2C7CB150007BC4B3 /* constraintsTests */ = {
			isa = PBXNativeTarget;
			buildConfigurationList = 23889CF32C7CB150007BC4B3 /* Build configuration list for PBXNativeTarget "constraintsTests" */;
			buildPhases = (
				23889CD82C7CB150007BC4B3 /* Sources */,
				23889CD92C7CB150007BC4B3 /* Frameworks */,
				23889CDA2C7CB150007BC4B3 /* Resources */,
			);
			buildRules = (
			);
			dependencies = (
				23889CDE2C7CB150007BC4B3 /* PBXTargetDependency */,
			);
			name = constraintsTests;
			productName = constraintsTests;
			productReference = 23889CDC2C7CB150007BC4B3 /* constraintsTests.xctest */;
			productType = "com.apple.product-type.bundle.unit-test";
		};
		23889CE52C7CB150007BC4B3 /* constraintsUITests */ = {
			isa = PBXNativeTarget;
			buildConfigurationList = 23889CF62C7CB150007BC4B3 /* Build configuration list for PBXNativeTarget "constraintsUITests" */;
			buildPhases = (
				23889CE22C7CB150007BC4B3 /* Sources */,
				23889CE32C7CB150007BC4B3 /* Frameworks */,
				23889CE42C7CB150007BC4B3 /* Resources */,
			);
			buildRules = (
			);
			dependencies = (
				23889CE82C7CB150007BC4B3 /* PBXTargetDependency */,
			);
			name = constraintsUITests;
			productName = constraintsUITests;
			productReference = 23889CE62C7CB150007BC4B3 /* constraintsUITests.xctest */;
			productType = "com.apple.product-type.bundle.ui-testing";
		};
/* End PBXNativeTarget section */

/* Begin PBXProject section */
		23889CBE2C7CB14E007BC4B3 /* Project object */ = {
			isa = PBXProject;
			attributes = {
				BuildIndependentTargetsInParallel = 1;
				LastSwiftUpdateCheck = 1500;
				LastUpgradeCheck = 1500;
				TargetAttributes = {
					23889CC52C7CB14E007BC4B3 = {
						CreatedOnToolsVersion = 15.0.1;
					};
					23889CDB2C7CB150007BC4B3 = {
						CreatedOnToolsVersion = 15.0.1;
						TestTargetID = 23889CC52C7CB14E007BC4B3;
					};
					23889CE52C7CB150007BC4B3 = {
						CreatedOnToolsVersion = 15.0.1;
						TestTargetID = 23889CC52C7CB14E007BC4B3;
					};
				};
			};
			buildConfigurationList = 23889CC12C7CB14E007BC4B3 /* Build configuration list for PBXProject "constraints" */;
			compatibilityVersion = "Xcode 14.0";
			developmentRegion = en;
			hasScannedForEncodings = 0;
			knownRegions = (
				en,
				Base,
			);
			mainGroup = 23889CBD2C7CB14E007BC4B3;
			productRefGroup = 23889CC72C7CB14E007BC4B3 /* Products */;
			projectDirPath = "";
			projectRoot = "";
			targets = (
				23889CC52C7CB14E007BC4B3 /* constraints */,
				23889CDB2C7CB150007BC4B3 /* constraintsTests */,
				23889CE52C7CB150007BC4B3 /* constraintsUITests */,
			);
		};
/* End PBXProject section */

/* Begin PBXResourcesBuildPhase section */
		23889CC42C7CB14E007BC4B3 /* Resources */ = {
			isa = PBXResourcesBuildPhase;
			buildActionMask = 2147483647;
			files = (
				23889CD62C7CB150007BC4B3 /* LaunchScreen.storyboard in Resources */,
				23889CD32C7CB150007BC4B3 /* Assets.xcassets in Resources */,
				23889CD12C7CB14E007BC4B3 /* Main.storyboard in Resources */,
			);
			runOnlyForDeploymentPostprocessing = 0;
		};
		23889CDA2C7CB150007BC4B3 /* Resources */ = {
			isa = PBXResourcesBuildPhase;
			buildActionMask = 2147483647;
			files = (
			);
			runOnlyForDeploymentPostprocessing = 0;
		};
		23889CE42C7CB150007BC4B3 /* Resources */ = {
			isa = PBXResourcesBuildPhase;
			buildActionMask = 2147483647;
			files = (
			);
			runOnlyForDeploymentPostprocessing = 0;
		};
/* End PBXResourcesBuildPhase section */

/* Begin PBXSourcesBuildPhase section */
		23889CC22C7CB14E007BC4B3 /* Sources */ = {
			isa = PBXSourcesBuildPhase;
			buildActionMask = 2147483647;
			files = (
				23889CCE2C7CB14E007BC4B3 /* ViewController.swift in Sources */,
				23889CCA2C7CB14E007BC4B3 /* AppDelegate.swift in Sources */,
				23889CCC2C7CB14E007BC4B3 /* SceneDelegate.swift in Sources */,
			);
			runOnlyForDeploymentPostprocessing = 0;
		};
		23889CD82C7CB150007BC4B3 /* Sources */ = {
			isa = PBXSourcesBuildPhase;
			buildActionMask = 2147483647;
			files = (
				23889CE12C7CB150007BC4B3 /* constraintsTests.swift in Sources */,
			);
			runOnlyForDeploymentPostprocessing = 0;
		};
		23889CE22C7CB150007BC4B3 /* Sources */ = {
			isa = PBXSourcesBuildPhase;
			buildActionMask = 2147483647;
			files = (
				23889CEB2C7CB150007BC4B3 /* constraintsUITests.swift in Sources */,
				23889CED2C7CB150007BC4B3 /* constraintsUITestsLaunchTests.swift in Sources */,
			);
			runOnlyForDeploymentPostprocessing = 0;
		};
/* End PBXSourcesBuildPhase section */

/* Begin PBXTargetDependency section */
		23889CDE2C7CB150007BC4B3 /* PBXTargetDependency */ = {
			isa = PBXTargetDependency;
			target = 23889CC52C7CB14E007BC4B3 /* constraints */;
			targetProxy = 23889CDD2C7CB150007BC4B3 /* PBXContainerItemProxy */;
		};
		23889CE82C7CB150007BC4B3 /* PBXTargetDependency */ = {
			isa = PBXTargetDependency;
			target = 23889CC52C7CB14E007BC4B3 /* constraints */;
			targetProxy = 23889CE72C7CB150007BC4B3 /* PBXContainerItemProxy */;
		};
/* End PBXTargetDependency section */

/* Begin PBXVariantGroup section */
		23889CCF2C7CB14E007BC4B3 /* Main.storyboard */ = {
			isa = PBXVariantGroup;
			children = (
				23889CD02C7CB14E007BC4B3 /* Base */,
			);
			name = Main.storyboard;
			sourceTree = "<group>";
		};
		23889CD42C7CB150007BC4B3 /* LaunchScreen.storyboard */ = {
			isa = PBXVariantGroup;
			children = (
				23889CD52C7CB150007BC4B3 /* Base */,
			);
			name = LaunchScreen.storyboard;
			sourceTree = "<group>";
		};
/* End PBXVariantGroup section */

/* Begin XCBuildConfiguration section */
		23889CEE2C7CB150007BC4B3 /* Debug */ = {
			isa = XCBuildConfiguration;
			buildSettings = {
				ALWAYS_SEARCH_USER_PATHS = NO;
				ASSETCATALOG_COMPILER_GENERATE_SWIFT_ASSET_SYMBOL_EXTENSIONS = YES;
				CLANG_ANALYZER_NONNULL = YES;
				CLANG_ANALYZER_NUMBER_OBJECT_CONVERSION = YES_AGGRESSIVE;
				CLANG_CXX_LANGUAGE_STANDARD = "gnu++20";
				CLANG_ENABLE_MODULES = YES;
				CLANG_ENABLE_OBJC_ARC = YES;
				CLANG_ENABLE_OBJC_WEAK = YES;
				CLANG_WARN_BLOCK_CAPTURE_AUTORELEASING = YES;
				CLANG_WARN_BOOL_CONVERSION = YES;
				CLANG_WARN_COMMA = YES;
				CLANG_WARN_CONSTANT_CONVERSION = YES;
				CLANG_WARN_DEPRECATED_OBJC_IMPLEMENTATIONS = YES;
				CLANG_WARN_DIRECT_OBJC_ISA_USAGE = YES_ERROR;
				CLANG_WARN_DOCUMENTATION_COMMENTS = YES;
				CLANG_WARN_EMPTY_BODY = YES;
				CLANG_WARN_ENUM_CONVERSION = YES;
				CLANG_WARN_INFINITE_RECURSION = YES;
				CLANG_WARN_INT_CONVERSION = YES;
				CLANG_WARN_NON_LITERAL_NULL_CONVERSION = YES;
				CLANG_WARN_OBJC_IMPLICIT_RETAIN_SELF = YES;
				CLANG_WARN_OBJC_LITERAL_CONVERSION = YES;
				CLANG_WARN_OBJC_ROOT_CLASS = YES_ERROR;
				CLANG_WARN_QUOTED_INCLUDE_IN_FRAMEWORK_HEADER = YES;
				CLANG_WARN_RANGE_LOOP_ANALYSIS = YES;
				CLANG_WARN_STRICT_PROTOTYPES = YES;
				CLANG_WARN_SUSPICIOUS_MOVE = YES;
				CLANG_WARN_UNGUARDED_AVAILABILITY = YES_AGGRESSIVE;
				CLANG_WARN_UNREACHABLE_CODE = YES;
				CLANG_WARN__DUPLICATE_METHOD_MATCH = YES;
				COPY_PHASE_STRIP = NO;
				DEBUG_INFORMATION_FORMAT = dwarf;
				ENABLE_STRICT_OBJC_MSGSEND = YES;
				ENABLE_TESTABILITY = YES;
				ENABLE_USER_SCRIPT_SANDBOXING = YES;
				GCC_C_LANGUAGE_STANDARD = gnu17;
				GCC_DYNAMIC_NO_PIC = NO;
				GCC_NO_COMMON_BLOCKS = YES;
				GCC_OPTIMIZATION_LEVEL = 0;
				GCC_PREPROCESSOR_DEFINITIONS = (
					"DEBUG=1",
					"$(inherited)",
				);
				GCC_WARN_64_TO_32_BIT_CONVERSION = YES;
				GCC_WARN_ABOUT_RETURN_TYPE = YES_ERROR;
				GCC_WARN_UNDECLARED_SELECTOR = YES;
				GCC_WARN_UNINITIALIZED_AUTOS = YES_AGGRESSIVE;
				GCC_WARN_UNUSED_FUNCTION = YES;
				GCC_WARN_UNUSED_VARIABLE = YES;
				IPHONEOS_DEPLOYMENT_TARGET = 17.0;
				LOCALIZATION_PREFERS_STRING_CATALOGS = YES;
				MTL_ENABLE_DEBUG_INFO = INCLUDE_SOURCE;
				MTL_FAST_MATH = YES;
				ONLY_ACTIVE_ARCH = YES;
				SDKROOT = iphoneos;
				SWIFT_ACTIVE_COMPILATION_CONDITIONS = "DEBUG $(inherited)";
				SWIFT_OPTIMIZATION_LEVEL = "-Onone";
			};
			name = Debug;
		};
		23889CEF2C7CB150007BC4B3 /* Release */ = {
			isa = XCBuildConfiguration;
			buildSettings = {
				ALWAYS_SEARCH_USER_PATHS = NO;
				ASSETCATALOG_COMPILER_GENERATE_SWIFT_ASSET_SYMBOL_EXTENSIONS = YES;
				CLANG_ANALYZER_NONNULL = YES;
				CLANG_ANALYZER_NUMBER_OBJECT_CONVERSION = YES_AGGRESSIVE;
				CLANG_CXX_LANGUAGE_STANDARD = "gnu++20";
				CLANG_ENABLE_MODULES = YES;
				CLANG_ENABLE_OBJC_ARC = YES;
				CLANG_ENABLE_OBJC_WEAK = YES;
				CLANG_WARN_BLOCK_CAPTURE_AUTORELEASING = YES;
				CLANG_WARN_BOOL_CONVERSION = YES;
				CLANG_WARN_COMMA = YES;
				CLANG_WARN_CONSTANT_CONVERSION = YES;
				CLANG_WARN_DEPRECATED_OBJC_IMPLEMENTATIONS = YES;
				CLANG_WARN_DIRECT_OBJC_ISA_USAGE = YES_ERROR;
				CLANG_WARN_DOCUMENTATION_COMMENTS = YES;
				CLANG_WARN_EMPTY_BODY = YES;
				CLANG_WARN_ENUM_CONVERSION = YES;
				CLANG_WARN_INFINITE_RECURSION = YES;
				CLANG_WARN_INT_CONVERSION = YES;
				CLANG_WARN_NON_LITERAL_NULL_CONVERSION = YES;
				CLANG_WARN_OBJC_IMPLICIT_RETAIN_SELF = YES;
				CLANG_WARN_OBJC_LITERAL_CONVERSION = YES;
				CLANG_WARN_OBJC_ROOT_CLASS = YES_ERROR;
				CLANG_WARN_QUOTED_INCLUDE_IN_FRAMEWORK_HEADER = YES;
				CLANG_WARN_RANGE_LOOP_ANALYSIS = YES;
				CLANG_WARN_STRICT_PROTOTYPES = YES;
				CLANG_WARN_SUSPICIOUS_MOVE = YES;
				CLANG_WARN_UNGUARDED_AVAILABILITY = YES_AGGRESSIVE;
				CLANG_WARN_UNREACHABLE_CODE = YES;
				CLANG_WARN__DUPLICATE_METHOD_MATCH = YES;
				COPY_PHASE_STRIP = NO;
				DEBUG_INFORMATION_FORMAT = "dwarf-with-dsym";
				ENABLE_NS_ASSERTIONS = NO;
				ENABLE_STRICT_OBJC_MSGSEND = YES;
				ENABLE_USER_SCRIPT_SANDBOXING = YES;
				GCC_C_LANGUAGE_STANDARD = gnu17;
				GCC_NO_COMMON_BLOCKS = YES;
				GCC_WARN_64_TO_32_BIT_CONVERSION = YES;
				GCC_WARN_ABOUT_RETURN_TYPE = YES_ERROR;
				GCC_WARN_UNDECLARED_SELECTOR = YES;
				GCC_WARN_UNINITIALIZED_AUTOS = YES_AGGRESSIVE;
				GCC_WARN_UNUSED_FUNCTION = YES;
				GCC_WARN_UNUSED_VARIABLE = YES;
				IPHONEOS_DEPLOYMENT_TARGET = 17.0;
				LOCALIZATION_PREFERS_STRING_CATALOGS = YES;
				MTL_ENABLE_DEBUG_INFO = NO;
				MTL_FAST_MATH = YES;
				SDKROOT = iphoneos;
				SWIFT_COMPILATION_MODE = wholemodule;
				VALIDATE_PRODUCT = YES;
			};
			name = Release;
		};
		23889CF12C7CB150007BC4B3 /* Debug */ = {
			isa = XCBuildConfiguration;
			buildSettings = {
				ASSETCATALOG_COMPILER_APPICON_NAME = AppIcon;
				ASSETCATALOG_COMPILER_GLOBAL_ACCENT_COLOR_NAME = AccentColor;
				CODE_SIGN_STYLE = Automatic;
				CURRENT_PROJECT_VERSION = 1;
				DEVELOPMENT_TEAM = 2228K8LXUF;
				GENERATE_INFOPLIST_FILE = YES;
				INFOPLIST_FILE = constraints/Info.plist;
				INFOPLIST_KEY_UIApplicationSupportsIndirectInputEvents = YES;
				INFOPLIST_KEY_UILaunchStoryboardName = LaunchScreen;
				INFOPLIST_KEY_UIMainStoryboardFile = Main;
				INFOPLIST_KEY_UISupportedInterfaceOrientations_iPad = "UIInterfaceOrientationPortrait UIInterfaceOrientationPortraitUpsideDown UIInterfaceOrientationLandscapeLeft UIInterfaceOrientationLandscapeRight";
				INFOPLIST_KEY_UISupportedInterfaceOrientations_iPhone = "UIInterfaceOrientationPortrait UIInterfaceOrientationLandscapeLeft UIInterfaceOrientationLandscapeRight";
				LD_RUNPATH_SEARCH_PATHS = (
					"$(inherited)",
					"@executable_path/Frameworks",
				);
				MARKETING_VERSION = 1.0;
				PRODUCT_BUNDLE_IDENTIFIER = com.dellainfotech.constraints;
				PRODUCT_NAME = "$(TARGET_NAME)";
				SWIFT_EMIT_LOC_STRINGS = YES;
				SWIFT_VERSION = 5.0;
				TARGETED_DEVICE_FAMILY = "1,2";
			};
			name = Debug;
		};
		23889CF22C7CB150007BC4B3 /* Release */ = {
			isa = XCBuildConfiguration;
			buildSettings = {
				ASSETCATALOG_COMPILER_APPICON_NAME = AppIcon;
				ASSETCATALOG_COMPILER_GLOBAL_ACCENT_COLOR_NAME = AccentColor;
				CODE_SIGN_STYLE = Automatic;
				CURRENT_PROJECT_VERSION = 1;
				DEVELOPMENT_TEAM = 2228K8LXUF;
				GENERATE_INFOPLIST_FILE = YES;
				INFOPLIST_FILE = constraints/Info.plist;
				INFOPLIST_KEY_UIApplicationSupportsIndirectInputEvents = YES;
				INFOPLIST_KEY_UILaunchStoryboardName = LaunchScreen;
				INFOPLIST_KEY_UIMainStoryboardFile = Main;
				INFOPLIST_KEY_UISupportedInterfaceOrientations_iPad = "UIInterfaceOrientationPortrait UIInterfaceOrientationPortraitUpsideDown UIInterfaceOrientationLandscapeLeft UIInterfaceOrientationLandscapeRight";
				INFOPLIST_KEY_UISupportedInterfaceOrientations_iPhone = "UIInterfaceOrientationPortrait UIInterfaceOrientationLandscapeLeft UIInterfaceOrientationLandscapeRight";
				LD_RUNPATH_SEARCH_PATHS = (
					"$(inherited)",
					"@executable_path/Frameworks",
				);
				MARKETING_VERSION = 1.0;
				PRODUCT_BUNDLE_IDENTIFIER = com.dellainfotech.constraints;
				PRODUCT_NAME = "$(TARGET_NAME)";
				SWIFT_EMIT_LOC_STRINGS = YES;
				SWIFT_VERSION = 5.0;
				TARGETED_DEVICE_FAMILY = "1,2";
			};
			name = Release;
		};
		23889CF42C7CB150007BC4B3 /* Debug */ = {
			isa = XCBuildConfiguration;
			buildSettings = {
				ALWAYS_EMBED_SWIFT_STANDARD_LIBRARIES = YES;
				BUNDLE_LOADER = "$(TEST_HOST)";
				CODE_SIGN_STYLE = Automatic;
				CURRENT_PROJECT_VERSION = 1;
				DEVELOPMENT_TEAM = 2228K8LXUF;
				GENERATE_INFOPLIST_FILE = YES;
				IPHONEOS_DEPLOYMENT_TARGET = 17.0;
				MARKETING_VERSION = 1.0;
				PRODUCT_BUNDLE_IDENTIFIER = com.dellainfotech.constraintsTests;
				PRODUCT_NAME = "$(TARGET_NAME)";
				SWIFT_EMIT_LOC_STRINGS = NO;
				SWIFT_VERSION = 5.0;
				TARGETED_DEVICE_FAMILY = "1,2";
				TEST_HOST = "$(BUILT_PRODUCTS_DIR)/constraints.app/$(BUNDLE_EXECUTABLE_FOLDER_PATH)/constraints";
			};
			name = Debug;
		};
		23889CF52C7CB150007BC4B3 /* Release */ = {
			isa = XCBuildConfiguration;
			buildSettings = {
				ALWAYS_EMBED_SWIFT_STANDARD_LIBRARIES = YES;
				BUNDLE_LOADER = "$(TEST_HOST)";
				CODE_SIGN_STYLE = Automatic;
				CURRENT_PROJECT_VERSION = 1;
				DEVELOPMENT_TEAM = 2228K8LXUF;
				GENERATE_INFOPLIST_FILE = YES;
				IPHONEOS_DEPLOYMENT_TARGET = 17.0;
				MARKETING_VERSION = 1.0;
				PRODUCT_BUNDLE_IDENTIFIER = com.dellainfotech.constraintsTests;
				PRODUCT_NAME = "$(TARGET_NAME)";
				SWIFT_EMIT_LOC_STRINGS = NO;
				SWIFT_VERSION = 5.0;
				TARGETED_DEVICE_FAMILY = "1,2";
				TEST_HOST = "$(BUILT_PRODUCTS_DIR)/constraints.app/$(BUNDLE_EXECUTABLE_FOLDER_PATH)/constraints";
			};
			name = Release;
		};
		23889CF72C7CB150007BC4B3 /* Debug */ = {
			isa = XCBuildConfiguration;
			buildSettings = {
				ALWAYS_EMBED_SWIFT_STANDARD_LIBRARIES = YES;
				CODE_SIGN_STYLE = Automatic;
				CURRENT_PROJECT_VERSION = 1;
				DEVELOPMENT_TEAM = 2228K8LXUF;
				GENERATE_INFOPLIST_FILE = YES;
				MARKETING_VERSION = 1.0;
				PRODUCT_BUNDLE_IDENTIFIER = com.dellainfotech.constraintsUITests;
				PRODUCT_NAME = "$(TARGET_NAME)";
				SWIFT_EMIT_LOC_STRINGS = NO;
				SWIFT_VERSION = 5.0;
				TARGETED_DEVICE_FAMILY = "1,2";
				TEST_TARGET_NAME = constraints;
			};
			name = Debug;
		};
		23889CF82C7CB150007BC4B3 /* Release */ = {
			isa = XCBuildConfiguration;
			buildSettings = {
				ALWAYS_EMBED_SWIFT_STANDARD_LIBRARIES = YES;
				CODE_SIGN_STYLE = Automatic;
				CURRENT_PROJECT_VERSION = 1;
				DEVELOPMENT_TEAM = 2228K8LXUF;
				GENERATE_INFOPLIST_FILE = YES;
				MARKETING_VERSION = 1.0;
				PRODUCT_BUNDLE_IDENTIFIER = com.dellainfotech.constraintsUITests;
				PRODUCT_NAME = "$(TARGET_NAME)";
				SWIFT_EMIT_LOC_STRINGS = NO;
				SWIFT_VERSION = 5.0;
				TARGETED_DEVICE_FAMILY = "1,2";
				TEST_TARGET_NAME = constraints;
			};
			name = Release;
		};
/* End XCBuildConfiguration section */

/* Begin XCConfigurationList section */
		23889CC12C7CB14E007BC4B3 /* Build configuration list for PBXProject "constraints" */ = {
			isa = XCConfigurationList;
			buildConfigurations = (
				23889CEE2C7CB150007BC4B3 /* Debug */,
				23889CEF2C7CB150007BC4B3 /* Release */,
			);
			defaultConfigurationIsVisible = 0;
			defaultConfigurationName = Release;
		};
		23889CF02C7CB150007BC4B3 /* Build configuration list for PBXNativeTarget "constraints" */ = {
			isa = XCConfigurationList;
			buildConfigurations = (
				23889CF12C7CB150007BC4B3 /* Debug */,
				23889CF22C7CB150007BC4B3 /* Release */,
			);
			defaultConfigurationIsVisible = 0;
			defaultConfigurationName = Release;
		};
		23889CF32C7CB150007BC4B3 /* Build configuration list for PBXNativeTarget "constraintsTests" */ = {
			isa = XCConfigurationList;
			buildConfigurations = (
				23889CF42C7CB150007BC4B3 /* Debug */,
				23889CF52C7CB150007BC4B3 /* Release */,
			);
			defaultConfigurationIsVisible = 0;
			defaultConfigurationName = Release;
		};
		23889CF62C7CB150007BC4B3 /* Build configuration list for PBXNativeTarget "constraintsUITests" */ = {
			isa = XCConfigurationList;
			buildConfigurations = (
				23889CF72C7CB150007BC4B3 /* Debug */,
				23889CF82C7CB150007BC4B3 /* Release */,
			);
			defaultConfigurationIsVisible = 0;
			defaultConfigurationName = Release;
		};
/* End XCConfigurationList section */
	};
	rootObject = 23889CBE2C7CB14E007BC4B3 /* Project object */;
}
